<Project xmlns="http://schemas.microsoft.com/developer/msbuild/2003">
    <PropertyGroup>
        <ProjectGuid>{CFE57E71-3464-4234-87FF-7558B5C9EC0B}</ProjectGuid>
        <ProjectVersion>18.0</ProjectVersion>
        <FrameworkType>VCL</FrameworkType>
        <MainSource>KBDownload.dpr</MainSource>
        <Base>True</Base>
        <Config Condition="'$(Config)'==''">Release</Config>
        <Platform Condition="'$(Platform)'==''">Win64</Platform>
        <TargetedPlatforms>3</TargetedPlatforms>
        <AppType>Application</AppType>
    </PropertyGroup>
    <PropertyGroup Condition="'$(Config)'=='Base' or '$(Base)'!=''">
        <Base>true</Base>
    </PropertyGroup>
    <PropertyGroup Condition="('$(Platform)'=='Win32' and '$(Base)'=='true') or '$(Base_Win32)'!=''">
        <Base_Win32>true</Base_Win32>
        <CfgParent>Base</CfgParent>
        <Base>true</Base>
    </PropertyGroup>
    <PropertyGroup Condition="('$(Platform)'=='Win64' and '$(Base)'=='true') or '$(Base_Win64)'!=''">
        <Base_Win64>true</Base_Win64>
        <CfgParent>Base</CfgParent>
        <Base>true</Base>
    </PropertyGroup>
    <PropertyGroup Condition="'$(Config)'=='Debug' or '$(Cfg_1)'!=''">
        <Cfg_1>true</Cfg_1>
        <CfgParent>Base</CfgParent>
        <Base>true</Base>
    </PropertyGroup>
    <PropertyGroup Condition="('$(Platform)'=='Win32' and '$(Cfg_1)'=='true') or '$(Cfg_1_Win32)'!=''">
        <Cfg_1_Win32>true</Cfg_1_Win32>
        <CfgParent>Cfg_1</CfgParent>
        <Cfg_1>true</Cfg_1>
        <Base>true</Base>
    </PropertyGroup>
    <PropertyGroup Condition="('$(Platform)'=='Win64' and '$(Cfg_1)'=='true') or '$(Cfg_1_Win64)'!=''">
        <Cfg_1_Win64>true</Cfg_1_Win64>
        <CfgParent>Cfg_1</CfgParent>
        <Cfg_1>true</Cfg_1>
        <Base>true</Base>
    </PropertyGroup>
    <PropertyGroup Condition="'$(Config)'=='Release' or '$(Cfg_2)'!=''">
        <Cfg_2>true</Cfg_2>
        <CfgParent>Base</CfgParent>
        <Base>true</Base>
    </PropertyGroup>
    <PropertyGroup Condition="('$(Platform)'=='Win32' and '$(Cfg_2)'=='true') or '$(Cfg_2_Win32)'!=''">
        <Cfg_2_Win32>true</Cfg_2_Win32>
        <CfgParent>Cfg_2</CfgParent>
        <Cfg_2>true</Cfg_2>
        <Base>true</Base>
    </PropertyGroup>
    <PropertyGroup Condition="('$(Platform)'=='Win64' and '$(Cfg_2)'=='true') or '$(Cfg_2_Win64)'!=''">
        <Cfg_2_Win64>true</Cfg_2_Win64>
        <CfgParent>Cfg_2</CfgParent>
        <Cfg_2>true</Cfg_2>
        <Base>true</Base>
    </PropertyGroup>
    <PropertyGroup Condition="'$(Base)'!=''">
        <DCC_SYMBOL_PLATFORM>false</DCC_SYMBOL_PLATFORM>
        <DCC_UNIT_PLATFORM>false</DCC_UNIT_PLATFORM>
        <VerInfo_Keys>CompanyName=;FileDescription=;FileVersion=1.0.0.0;InternalName=;LegalCopyright=;LegalTrademarks=;OriginalFilename=;ProductName=;ProductVersion=1.0.0.0;Comments=</VerInfo_Keys>
        <Manifest_File>$(BDS)\bin\default_app.manifest</Manifest_File>
        <VerInfo_Locale>5129</VerInfo_Locale>
        <Icon_MainIcon>KBDownload.ico</Icon_MainIcon>
        <SanitizedProjectName>KBDownload</SanitizedProjectName>
        <DCC_Namespace>System;Xml;Data;Datasnap;Web;Soap;Vcl;Vcl.Imaging;Vcl.Touch;Vcl.Samples;Vcl.Shell;$(DCC_Namespace)</DCC_Namespace>
        <DCC_DcuOutput>.\$(Platform)\$(Config)</DCC_DcuOutput>
        <DCC_ExeOutput>.\bin</DCC_ExeOutput>
        <DCC_E>false</DCC_E>
        <DCC_N>false</DCC_N>
        <DCC_S>false</DCC_S>
        <DCC_F>false</DCC_F>
        <DCC_K>false</DCC_K>
    </PropertyGroup>
    <PropertyGroup Condition="'$(Base_Win32)'!=''">
        <AppEnableRuntimeThemes>true</AppEnableRuntimeThemes>
        <VerInfo_Locale>1033</VerInfo_Locale>
        <Manifest_File>$(BDS)\bin\default_app.manifest</Manifest_File>
        <DCC_Namespace>Winapi;System.Win;Data.Win;Datasnap.Win;Web.Win;Soap.Win;Xml.Win;Bde;$(DCC_Namespace)</DCC_Namespace>
        <DCC_UsePackage>dxPScxSchedulerLnkRS21;cxSchedulerRibbonStyleEventEditorRS21;rbADO1621;cxSchedulerRS21;FireDACPgDriver;dxSkinOffice2007BlueRS21;RaizeComponentsVcl;cxTreeListdxBarPopupMenuRS21;dxSkinHighContrastRS21;dxSkinSevenRS21;cxPivotGridRS21;DBXInterBaseDriver;DataSnapServer;DataSnapCommon;dxGaugeControlRS21;cxEditorsRS21;DbxCommonDriver;vclimg;dxTileControlRS21;dxSkinSilverRS21;dbxcds;cxPivotGridOLAPRS21;DatasnapConnectorsFreePascal;dxPSdxGaugeControlLnkRS21;dxPsPrVwAdvRS21;dxSkinMoneyTwinsRS21;vcldb;cxTreeListRS21;dxdborRS21;cxSpreadSheetRS21;dxBarExtItemsRS21;dxWizardControlRS21;dxSkinBlueprintRS21;CustomIPTransport;rbRTL1621;dsnap;IndyIPServer;dxSkinOffice2010BlackRS21;IndyCore;dxSkinsdxBarPainterRS21;dxSkinValentineRS21;CloudService;dxSkinDevExpressStyleRS21;FireDACIBDriver;dxSkinCaramelRS21;dxPScxPCProdRS21;dxSkinOffice2013DarkGrayRS21;dxDockingRS21;dxLayoutControlRS21;dsnapxml;FireDACDb2Driver;dxSkinscxSchedulerPainterRS21;dxPSLnksRS21;dclRBIBE1621;dxPSdxDBOCLnkRS21;dclRBFireDAC1621;dxSkinVS2010RS21;rbCIDE1621;cxLibraryRS21;bindcompfmx;cxDataRS21;dxComnRS21;FireDACODBCDriver;RESTBackendComponents;dxSkinBlackRS21;dxSkinDarkSideRS21;rbDBE1621;dbrtl;FireDACCommon;bindcomp;inetdb;dxPScxTLLnkRS21;DBXOdbcDriver;vclFireDAC;xmlrtl;ibxpress;cxExportRS21;rbUSER1621;FireDACCommonDriver;dxSkinOffice2007PinkRS21;dxFlowChartRS21;bindengine;vclactnband;soaprtl;dclRBE1621;dclRBADO1621;bindcompvcl;cxPageControlRS21;dxCoreRS21;vclie;dxSkinOffice2007BlackRS21;dxPSCoreRS21;dxPSdxDBTVLnkRS21;dxPScxCommonRS21;dxADOServerModeRS21;FireDACMSSQLDriver;DBXInformixDriver;dxSkinLilianRS21;Intraweb;dxSkinWhiteprintRS21;DataSnapServerMidas;dsnapcon;DBXFirebirdDriver;dxNavBarRS21;inet;dxRibbonRS21;dclRBDBE1621;dxSkinsdxNavBarPainterRS21;FireDACMySQLDriver;soapmidas;vclx;dxSkinOffice2013WhiteRS21;cxBarEditItemRS21;dxSkinsCoreRS21;rbRest1621;DBXSybaseASADriver;dxFireDACServerModeRS21;dxSkinSharpPlusRS21;RESTComponents;rbRCL1621;dxSkinSevenClassicRS21;dbexpress;rbDAD1621;IndyIPClient;dxThemeRS21;rbDIDE1621;FireDACSqliteDriver;dxSkinBlueRS21;FireDACDSDriver;dxDBXServerModeRS21;DBXSqliteDriver;dxSkinsdxDLPainterRS21;fmx;dxSkinMetropolisDarkRS21;cxVerticalGridRS21;IndySystem;dxSkinMetropolisRS21;dxSpreadSheetRS21;tethering;dxSkinGlassOceansRS21;vclib;dxSkinSummer2008RS21;DataSnapClient;dxPScxPivotGridLnkRS21;DataSnapProviderClient;dxPSPrVwRibbonRS21;DBXSybaseASEDriver;rbIDE1621;cxGridRS21;rbDB1621;MetropolisUILiveTile;vcldsnap;dxSpellCheckerRS21;dxSkinLondonLiquidSkyRS21;dxSkinMcSkinRS21;dxSkinOffice2010SilverRS21;dxSkinOffice2007GreenRS21;fmxFireDAC;DBXDb2Driver;dxSkinFoggyRS21;DBXOracleDriver;rbRAP1621;vclribbon;dxtrmdRS21;fmxase;vcl;dxBarExtDBItemsRS21;dxGDIPlusRS21;DBXMSSQLDriver;IndyIPCommon;CodeSiteExpressPkg;dxSkinOffice2007SilverRS21;DataSnapFireDAC;FireDACDBXDriver;dxSkinStardustRS21;dxPSdxSpreadSheetLnkRS21;soapserver;dxdbtrRS21;inetdbxpress;FireDACInfxDriver;dxSkinCoffeeRS21;dxPSdxFCLnkRS21;dxPScxGridLnkRS21;rbIBE1621;adortl;rbBDE1621;FireDACASADriver;dxTabbedMDIRS21;RaizeComponentsVclDb;emsclientfiredac;rbFireDAC1621;rtl;dxPScxSSLnkRS21;DbxClientDriver;dxSkinDarkRoomRS21;dxorgcRS21;dxPScxExtCommonRS21;dxPSdxOCLnkRS21;dxPSdxLCLnkRS21;dxMapControlRS21;DataSnapNativeClient;svnui;dxSkinSpringTimeRS21;IndyProtocols;DBXMySQLDriver;cxPivotGridChartRS21;rbRIDE1621;dxSkinOffice2013LightGrayRS21;dxSkinPumpkinRS21;bindcompdbx;cxSchedulerTreeBrowserRS21;dxmdsRS21;dxSkinDevExpressDarkStyleRS21;dxSkinSharpRS21;FireDACADSDriver;vcltouch;dxSkinscxPCPainterRS21;dxServerModeRS21;emsclient;dxSkinsdxRibbonPainterRS21;VCLRESTComponents;FireDAC;VclSmp;dxBarDBNavRS21;dxSkinTheAsphaltWorldRS21;dxSkinXmas2008BlueRS21;dxRibbonCustomizationFormRS21;DataSnapConnectors;dxSkinLiquidSkyRS21;rbUSERDesign1621;cxSchedulerGridRS21;fmxobj;dxPScxVGridLnkRS21;svn;dxBarRS21;FireDACOracleDriver;fmxdae;dxSkinOffice2010BlueRS21;FireDACMSAccDriver;DataSnapIndy10ServerTransport;dxSkiniMaginaryRS21;$(DCC_UsePackage)</DCC_UsePackage>
        <VerInfo_Keys>CompanyName=;FileDescription=;FileVersion=1.0.0.0;InternalName=;LegalCopyright=;LegalTrademarks=;OriginalFilename=;ProductName=;ProductVersion=1.0.0.0;Comments=</VerInfo_Keys>
        <VerInfo_IncludeVerInfo>true</VerInfo_IncludeVerInfo>
    </PropertyGroup>
    <PropertyGroup Condition="'$(Base_Win64)'!=''">
        <VerInfo_AutoIncVersion>true</VerInfo_AutoIncVersion>
        <VerInfo_Release>1</VerInfo_Release>
        <VerInfo_MinorVer>1</VerInfo_MinorVer>
        <AppEnableRuntimeThemes>true</AppEnableRuntimeThemes>
        <VerInfo_Locale>1033</VerInfo_Locale>
        <DCC_Namespace>Winapi;System.Win;Data.Win;Datasnap.Win;Web.Win;Soap.Win;Xml.Win;$(DCC_Namespace)</DCC_Namespace>
        <DCC_UsePackage>dxPScxSchedulerLnkRS21;cxSchedulerRibbonStyleEventEditorRS21;cxSchedulerRS21;FireDACPgDriver;dxSkinOffice2007BlueRS21;RaizeComponentsVcl;cxTreeListdxBarPopupMenuRS21;dxSkinHighContrastRS21;dxSkinSevenRS21;cxPivotGridRS21;DBXInterBaseDriver;DataSnapServer;DataSnapCommon;dxGaugeControlRS21;cxEditorsRS21;DbxCommonDriver;vclimg;dxTileControlRS21;dxSkinSilverRS21;dbxcds;cxPivotGridOLAPRS21;DatasnapConnectorsFreePascal;dxPSdxGaugeControlLnkRS21;dxPsPrVwAdvRS21;dxSkinMoneyTwinsRS21;vcldb;cxTreeListRS21;dxdborRS21;cxSpreadSheetRS21;dxBarExtItemsRS21;dxWizardControlRS21;dxSkinBlueprintRS21;CustomIPTransport;dsnap;IndyIPServer;dxSkinOffice2010BlackRS21;IndyCore;dxSkinsdxBarPainterRS21;dxSkinValentineRS21;CloudService;dxSkinDevExpressStyleRS21;FireDACIBDriver;dxSkinCaramelRS21;dxPScxPCProdRS21;dxSkinOffice2013DarkGrayRS21;dxDockingRS21;dxLayoutControlRS21;dsnapxml;FireDACDb2Driver;dxSkinscxSchedulerPainterRS21;dxPSLnksRS21;dxPSdxDBOCLnkRS21;dxSkinVS2010RS21;cxLibraryRS21;bindcompfmx;cxDataRS21;dxComnRS21;FireDACODBCDriver;RESTBackendComponents;dxSkinBlackRS21;dxSkinDarkSideRS21;dbrtl;FireDACCommon;bindcomp;inetdb;dxPScxTLLnkRS21;DBXOdbcDriver;vclFireDAC;xmlrtl;ibxpress;cxExportRS21;FireDACCommonDriver;dxSkinOffice2007PinkRS21;dxFlowChartRS21;bindengine;vclactnband;soaprtl;bindcompvcl;cxPageControlRS21;dxCoreRS21;vclie;dxSkinOffice2007BlackRS21;dxPSCoreRS21;dxPSdxDBTVLnkRS21;dxPScxCommonRS21;dxADOServerModeRS21;FireDACMSSQLDriver;DBXInformixDriver;dxSkinLilianRS21;Intraweb;dxSkinWhiteprintRS21;DataSnapServerMidas;dsnapcon;DBXFirebirdDriver;dxNavBarRS21;inet;dxRibbonRS21;dxSkinsdxNavBarPainterRS21;FireDACMySQLDriver;soapmidas;vclx;dxSkinOffice2013WhiteRS21;cxBarEditItemRS21;dxSkinsCoreRS21;DBXSybaseASADriver;dxFireDACServerModeRS21;dxSkinSharpPlusRS21;RESTComponents;dxSkinSevenClassicRS21;dbexpress;IndyIPClient;dxThemeRS21;FireDACSqliteDriver;dxSkinBlueRS21;FireDACDSDriver;dxDBXServerModeRS21;DBXSqliteDriver;dxSkinsdxDLPainterRS21;fmx;dxSkinMetropolisDarkRS21;cxVerticalGridRS21;IndySystem;dxSkinMetropolisRS21;dxSpreadSheetRS21;tethering;dxSkinGlassOceansRS21;vclib;dxSkinSummer2008RS21;DataSnapClient;dxPScxPivotGridLnkRS21;DataSnapProviderClient;dxPSPrVwRibbonRS21;DBXSybaseASEDriver;cxGridRS21;MetropolisUILiveTile;vcldsnap;dxSpellCheckerRS21;dxSkinLondonLiquidSkyRS21;dxSkinMcSkinRS21;dxSkinOffice2010SilverRS21;dxSkinOffice2007GreenRS21;fmxFireDAC;DBXDb2Driver;dxSkinFoggyRS21;DBXOracleDriver;vclribbon;dxtrmdRS21;fmxase;vcl;dxBarExtDBItemsRS21;dxGDIPlusRS21;DBXMSSQLDriver;IndyIPCommon;dxSkinOffice2007SilverRS21;DataSnapFireDAC;FireDACDBXDriver;dxSkinStardustRS21;dxPSdxSpreadSheetLnkRS21;soapserver;dxdbtrRS21;inetdbxpress;FireDACInfxDriver;dxSkinCoffeeRS21;dxPSdxFCLnkRS21;dxPScxGridLnkRS21;adortl;FireDACASADriver;dxTabbedMDIRS21;RaizeComponentsVclDb;emsclientfiredac;rtl;dxPScxSSLnkRS21;DbxClientDriver;dxSkinDarkRoomRS21;dxorgcRS21;dxPScxExtCommonRS21;dxPSdxOCLnkRS21;dxPSdxLCLnkRS21;dxMapControlRS21;DataSnapNativeClient;dxSkinSpringTimeRS21;IndyProtocols;DBXMySQLDriver;cxPivotGridChartRS21;dxSkinOffice2013LightGrayRS21;dxSkinPumpkinRS21;bindcompdbx;cxSchedulerTreeBrowserRS21;dxmdsRS21;dxSkinDevExpressDarkStyleRS21;dxSkinSharpRS21;FireDACADSDriver;vcltouch;dxSkinscxPCPainterRS21;dxServerModeRS21;emsclient;dxSkinsdxRibbonPainterRS21;VCLRESTComponents;FireDAC;VclSmp;dxBarDBNavRS21;dxSkinTheAsphaltWorldRS21;dxSkinXmas2008BlueRS21;dxRibbonCustomizationFormRS21;DataSnapConnectors;dxSkinLiquidSkyRS21;cxSchedulerGridRS21;fmxobj;dxPScxVGridLnkRS21;dxBarRS21;FireDACOracleDriver;fmxdae;dxSkinOffice2010BlueRS21;FireDACMSAccDriver;DataSnapIndy10ServerTransport;dxSkiniMaginaryRS21;$(DCC_UsePackage)</DCC_UsePackage>
        <VerInfo_Keys>CompanyName=;FileDescription=;FileVersion=1.1.1.0;InternalName=;LegalCopyright=;LegalTrademarks=;OriginalFilename=;ProductName=;ProductVersion=1.0.0.0;Comments=</VerInfo_Keys>
        <VerInfo_IncludeVerInfo>true</VerInfo_IncludeVerInfo>
    </PropertyGroup>
    <PropertyGroup Condition="'$(Cfg_1)'!=''">
        <DCC_Define>DEBUG;$(DCC_Define)</DCC_Define>
        <DCC_DebugDCUs>true</DCC_DebugDCUs>
        <DCC_Optimize>false</DCC_Optimize>
        <DCC_GenerateStackFrames>true</DCC_GenerateStackFrames>
        <DCC_DebugInfoInExe>true</DCC_DebugInfoInExe>
        <DCC_RemoteDebug>true</DCC_RemoteDebug>
    </PropertyGroup>
    <PropertyGroup Condition="'$(Cfg_1_Win32)'!=''">
        <DCC_RemoteDebug>false</DCC_RemoteDebug>
    </PropertyGroup>
    <PropertyGroup Condition="'$(Cfg_1_Win64)'!=''">
        <VerInfo_Build>6</VerInfo_Build>
        <VerInfo_Keys>CompanyName=;FileDescription=;FileVersion=1.1.1.6;InternalName=;LegalCopyright=;LegalTrademarks=;OriginalFilename=;ProductName=;ProductVersion=1.0.0.0;Comments=</VerInfo_Keys>
        <DCC_Define>EUREKALOG;EUREKALOG_VER7;$(DCC_Define)</DCC_Define>
        <AppEnableRuntimeThemes>true</AppEnableRuntimeThemes>
        <DCC_MapFile>3</DCC_MapFile>
        <VerInfo_Locale>1033</VerInfo_Locale>
        <VerInfo_IncludeVerInfo>true</VerInfo_IncludeVerInfo>
    </PropertyGroup>
    <PropertyGroup Condition="'$(Cfg_2)'!=''">
        <DCC_LocalDebugSymbols>false</DCC_LocalDebugSymbols>
        <DCC_Define>RELEASE;$(DCC_Define)</DCC_Define>
        <DCC_SymbolReferenceInfo>0</DCC_SymbolReferenceInfo>
        <DCC_DebugInformation>0</DCC_DebugInformation>
    </PropertyGroup>
    <PropertyGroup Condition="'$(Cfg_2_Win32)'!=''">
        <AppEnableRuntimeThemes>true</AppEnableRuntimeThemes>
        <VerInfo_IncludeVerInfo>true</VerInfo_IncludeVerInfo>
        <VerInfo_Locale>1033</VerInfo_Locale>
    </PropertyGroup>
    <PropertyGroup Condition="'$(Cfg_2_Win64)'!=''">
        <DCC_ExeOutput>.\Setup</DCC_ExeOutput>
        <DCC_DebugInformation>2</DCC_DebugInformation>
        <DCC_MapFile>3</DCC_MapFile>
        <DCC_Define>EUREKALOG;EUREKALOG_VER7;$(DCC_Define)</DCC_Define>
        <DCC_GenerateStackFrames>true</DCC_GenerateStackFrames>
        <AppEnableRuntimeThemes>true</AppEnableRuntimeThemes>
        <VerInfo_Release>1</VerInfo_Release>
        <VerInfo_Build>33</VerInfo_Build>
        <VerInfo_Keys>CompanyName=Bastard Software;FileDescription=KB Download Direct Data Access Prototype;FileVersion=1.2.1.33;InternalName=KB Download Direct Data Access Prototype;LegalCopyright=;LegalTrademarks=;OriginalFilename=;ProductName=;ProductVersion=1.2.1.0;Comments=</VerInfo_Keys>
        <VerInfo_MinorVer>2</VerInfo_MinorVer>
        <VerInfo_AutoIncVersion>true</VerInfo_AutoIncVersion>
        <VerInfo_IncludeVerInfo>true</VerInfo_IncludeVerInfo>
        <VerInfo_Locale>1033</VerInfo_Locale>
    </PropertyGroup>
    <ItemGroup>
        <DelphiCompile Include="$(MainSource)">
            <MainSource>MainSource</MainSource>
        </DelphiCompile>
        <DCCReference Include="Main.pas">
            <Form>fmMain</Form>
        </DCCReference>
        <DCCReference Include="..\Common\Units\CommonFunctions.pas"/>
        <DCCReference Include="..\Common\Units\CryptoAPI.pas"/>
        <DCCReference Include="..\Common\Units\Wcrypt2.pas"/>
        <DCCReference Include="..\Common\Units\DBLoginSettings.pas"/>
        <DCCReference Include="IAmABigBoy.pas">
            <Form>fmBigBoy</Form>
        </DCCReference>
        <DCCReference Include="DBSettings.pas">
            <Form>fmDBSettings</Form>
        </DCCReference>
        <DCCReference Include="Deployments.pas">
            <Form>fmDeployments</Form>
        </DCCReference>
        <DCCReference Include="DataAccess\Deployment.pas"/>
        <DCCReference Include="..\Common\DataObjects\DataServices.pas"/>
        <DCCReference Include="DeploymentEdit.pas">
            <Form>fmDeploymentEdit</Form>
        </DCCReference>
        <DCCReference Include="DataAccess\KBPackage.pas"/>
        <DCCReference Include="DataAccess\Release.pas"/>
        <DCCReference Include="Releases.pas">
            <Form>fmReleases</Form>
        </DCCReference>
        <DCCReference Include="DeploymentSnapshots.pas">
            <Form>fmDeploymentSnapshots</Form>
        </DCCReference>
        <DCCReference Include="ReleaseEdit.pas">
            <Form>fmReleaseEdit</Form>
        </DCCReference>
        <DCCReference Include="KBPackages.pas">
            <Form>fmKBPackages</Form>
        </DCCReference>
        <DCCReference Include="DataAccess\Settings.pas"/>
        <DCCReference Include="DataAccess\StatList.pas"/>
        <DCCReference Include="StatLists.pas">
            <Form>fmStatLists</Form>
        </DCCReference>
        <DCCReference Include="DataAccess\DeploymentStats.pas"/>
        <DCCReference Include="..\Common\Units\DataRecordList.pas"/>
        <DCCReference Include="ServerSettings.pas">
            <Form>fmServerSettings</Form>
        </DCCReference>
        <DCCReference Include="DataAccess\Snapshot.pas"/>
        <DCCReference Include="..\Common\Forms\SpreadsheetBase.pas">
            <Form>fmSpreadSheetBase</Form>
        </DCCReference>
        <DCCReference Include="RecordListExport.pas">
            <Form>fmRecordListExport</Form>
        </DCCReference>
        <DCCReference Include="..\Common\Forms\SingleRecordLookupUnbound.pas">
            <Form>fmSingleRecordLookupUnbound</Form>
        </DCCReference>
        <DCCReference Include="DeploymentSelect.pas">
            <Form>fmDeploymentSelect</Form>
        </DCCReference>
        <DCCReference Include="MyRAPFunctions.pas"/>
        <DCCReference Include="DataAccess\KBModule.pas"/>
        <DCCReference Include="DataAccess\AgentsByOS.pas"/>
        <DCCReference Include="..\Common\Forms\DateRangeSelect.pas">
            <Form>fmSelectDateRange</Form>
        </DCCReference>
        <DCCReference Include="SnapshotDataPrep.pas">
            <Form>fmSnapshotDataPrep</Form>
        </DCCReference>
        <DCCReference Include="DataAccess\RptFolder.pas"/>
        <DCCReference Include="DataAccess\RptItem.pas"/>
        <DCCReference Include="KBPackageEdit.pas">
            <Form>fmKBPackageEdit</Form>
        </DCCReference>
        <DCCReference Include="KBPackageSelect.pas">
            <Form>fmKBPackageSelect</Form>
            <FormType>dfm</FormType>
        </DCCReference>
        <DCCReference Include="FullAppPassword.pas">
            <Form>fmFullAppPassword</Form>
            <FormType>dfm</FormType>
        </DCCReference>
        <DCCReference Include="FullApplication.pas">
            <Form>fmUseFullApplication</Form>
            <FormType>dfm</FormType>
        </DCCReference>
        <DCCReference Include="KBVersion.pas"/>
        <BuildConfiguration Include="Release">
            <Key>Cfg_2</Key>
            <CfgParent>Base</CfgParent>
        </BuildConfiguration>
        <BuildConfiguration Include="Base">
            <Key>Base</Key>
        </BuildConfiguration>
        <BuildConfiguration Include="Debug">
            <Key>Cfg_1</Key>
            <CfgParent>Base</CfgParent>
        </BuildConfiguration>
    </ItemGroup>
    <ProjectExtensions>
        <Borland.Personality>Delphi.Personality.12</Borland.Personality>
        <Borland.ProjectType>Application</Borland.ProjectType>
        <BorlandProject>
            <Delphi.Personality>
                <Source>
                    <Source Name="MainSource">KBDownload.dpr</Source>
                </Source>
                <Excluded_Packages>
                    <Excluded_Packages Name="C:\Users\Public\Documents\Embarcadero\Studio\17.0\Bpl\cxRVEditorsDXE10.bpl">File C:\Users\Public\Documents\Embarcadero\Studio\17.0\Bpl\cxRVEditorsDXE10.bpl not found</Excluded_Packages>
                    <Excluded_Packages Name="$(BDSBIN)\dcloffice2k230.bpl">Microsoft Office 2000 Sample Automation Server Wrapper Components</Excluded_Packages>
                    <Excluded_Packages Name="$(BDSBIN)\dclofficexp230.bpl">Microsoft Office XP Sample Automation Server Wrapper Components</Excluded_Packages>
                </Excluded_Packages>
            </Delphi.Personality>
            <Deployment Version="2">
                <DeployFile LocalName="Win32\Debug\KBDownload.exe" Configuration="Debug" Class="ProjectOutput">
                    <Platform Name="Win32">
                        <RemoteName>KBDownload.exe</RemoteName>
                        <Overwrite>true</Overwrite>
                    </Platform>
                </DeployFile>
                <DeployFile LocalName="bin\KBDownload.exe" Configuration="Debug" Class="ProjectOutput">
                    <Platform Name="Win64">
                        <RemoteName>KBDownload.exe</RemoteName>
                        <Overwrite>true</Overwrite>
                    </Platform>
                </DeployFile>
                <DeployFile LocalName="Setup\KBDownload.exe" Configuration="Release" Class="ProjectOutput">
                    <Platform Name="Win64">
                        <RemoteName>KBDownload.exe</RemoteName>
                        <Overwrite>true</Overwrite>
                    </Platform>
                </DeployFile>
                <DeployFile LocalName="Win64\Debug\KBDownload.exe" Configuration="Debug" Class="ProjectOutput">
                    <Platform Name="Win64">
                        <RemoteName>KBDownload.exe</RemoteName>
                        <Overwrite>true</Overwrite>
                    </Platform>
                </DeployFile>
                <DeployClass Name="ProjectiOSDeviceResourceRules">
                    <Platform Name="iOSDevice64">
                        <Operation>1</Operation>
                    </Platform>
                    <Platform Name="iOSDevice32">
                        <Operation>1</Operation>
                    </Platform>
                </DeployClass>
                <DeployClass Name="ProjectOSXResource">
                    <Platform Name="OSX32">
                        <RemoteDir>Contents\Resources</RemoteDir>
                        <Operation>1</Operation>
                    </Platform>
                </DeployClass>
                <DeployClass Name="AndroidClassesDexFile">
                    <Platform Name="Android">
                        <RemoteDir>classes</RemoteDir>
                        <Operation>1</Operation>
                    </Platform>
                </DeployClass>
                <DeployClass Name="Android_LauncherIcon144">
                    <Platform Name="Android">
                        <RemoteDir>res\drawable-xxhdpi</RemoteDir>
                        <Operation>1</Operation>
                    </Platform>
                </DeployClass>
                <DeployClass Name="AdditionalDebugSymbols">
                    <Platform Name="Win32">
                        <RemoteDir>Contents\MacOS</RemoteDir>
                        <Operation>0</Operation>
                    </Platform>
                    <Platform Name="iOSSimulator">
                        <Operation>1</Operation>
                    </Platform>
                    <Platform Name="OSX32">
                        <RemoteDir>Contents\MacOS</RemoteDir>
                        <Operation>1</Operation>
                    </Platform>
                </DeployClass>
                <DeployClass Name="AndroidLibnativeMipsFile">
                    <Platform Name="Android">
                        <RemoteDir>library\lib\mips</RemoteDir>
                        <Operation>1</Operation>
                    </Platform>
                </DeployClass>
                <DeployClass Name="iPad_Launch768">
                    <Platform Name="iOSSimulator">
                        <Operation>1</Operation>
                    </Platform>
                    <Platform Name="iOSDevice64">
                        <Operation>1</Operation>
                    </Platform>
                    <Platform Name="iOSDevice32">
                        <Operation>1</Operation>
                    </Platform>
                </DeployClass>
                <DeployClass Required="true" Name="ProjectOutput">
                    <Platform Name="Win32">
                        <Operation>0</Operation>
                    </Platform>
                    <Platform Name="iOSDevice64">
                        <Operation>1</Operation>
                    </Platform>
                    <Platform Name="OSX32">
                        <RemoteDir>Contents\MacOS</RemoteDir>
                        <Operation>1</Operation>
                    </Platform>
                    <Platform Name="iOSDevice32">
                        <Operation>1</Operation>
                    </Platform>
                    <Platform Name="Android">
                        <RemoteDir>library\lib\armeabi-v7a</RemoteDir>
                        <Operation>1</Operation>
                    </Platform>
                    <Platform Name="iOSSimulator">
                        <Operation>1</Operation>
                    </Platform>
                </DeployClass>
                <DeployClass Name="DependencyFramework">
                    <Platform Name="Win32">
                        <Operation>0</Operation>
                    </Platform>
                    <Platform Name="OSX32">
                        <RemoteDir>Contents\MacOS</RemoteDir>
                        <Operation>1</Operation>
                        <Extensions>.framework</Extensions>
                    </Platform>
                </DeployClass>
                <DeployClass Name="iPhone_Launch640">
                    <Platform Name="iOSSimulator">
                        <Operation>1</Operation>
                    </Platform>
                    <Platform Name="iOSDevice64">
                        <Operation>1</Operation>
                    </Platform>
                    <Platform Name="iOSDevice32">
                        <Operation>1</Operation>
                    </Platform>
                </DeployClass>
                <DeployClass Name="AndroidLibnativeX86File">
                    <Platform Name="Android">
                        <RemoteDir>library\lib\x86</RemoteDir>
                        <Operation>1</Operation>
                    </Platform>
                </DeployClass>
                <DeployClass Name="ProjectiOSDeviceDebug">
                    <Platform Name="iOSDevice64">
                        <RemoteDir>..\$(PROJECTNAME).app.dSYM\Contents\Resources\DWARF</RemoteDir>
                        <Operation>1</Operation>
                    </Platform>
                    <Platform Name="iOSDevice32">
                        <RemoteDir>..\$(PROJECTNAME).app.dSYM\Contents\Resources\DWARF</RemoteDir>
                        <Operation>1</Operation>
                    </Platform>
                </DeployClass>
                <DeployClass Name="iPad_Launch1024">
                    <Platform Name="iOSSimulator">
                        <Operation>1</Operation>
                    </Platform>
                    <Platform Name="iOSDevice64">
                        <Operation>1</Operation>
                    </Platform>
                    <Platform Name="iOSDevice32">
                        <Operation>1</Operation>
                    </Platform>
                </DeployClass>
                <DeployClass Name="iPhone_Launch320">
                    <Platform Name="iOSSimulator">
                        <Operation>1</Operation>
                    </Platform>
                    <Platform Name="iOSDevice64">
                        <Operation>1</Operation>
                    </Platform>
                    <Platform Name="iOSDevice32">
                        <Operation>1</Operation>
                    </Platform>
                </DeployClass>
                <DeployClass Name="ProjectiOSInfoPList">
                    <Platform Name="iOSSimulator">
                        <Operation>1</Operation>
                    </Platform>
                    <Platform Name="iOSDevice64">
                        <Operation>1</Operation>
                    </Platform>
                    <Platform Name="iOSDevice32">
                        <Operation>1</Operation>
                    </Platform>
                </DeployClass>
                <DeployClass Name="AndroidLibnativeArmeabiFile">
                    <Platform Name="Android">
                        <RemoteDir>library\lib\armeabi</RemoteDir>
                        <Operation>1</Operation>
                    </Platform>
                </DeployClass>
                <DeployClass Name="DebugSymbols">
                    <Platform Name="Win32">
                        <Operation>0</Operation>
                    </Platform>
                    <Platform Name="iOSSimulator">
                        <Operation>1</Operation>
                    </Platform>
                    <Platform Name="OSX32">
                        <RemoteDir>Contents\MacOS</RemoteDir>
                        <Operation>1</Operation>
                    </Platform>
                </DeployClass>
                <DeployClass Name="iPad_Launch1536">
                    <Platform Name="iOSSimulator">
                        <Operation>1</Operation>
                    </Platform>
                    <Platform Name="iOSDevice64">
                        <Operation>1</Operation>
                    </Platform>
                    <Platform Name="iOSDevice32">
                        <Operation>1</Operation>
                    </Platform>
                </DeployClass>
                <DeployClass Name="Android_SplashImage470">
                    <Platform Name="Android">
                        <RemoteDir>res\drawable-normal</RemoteDir>
                        <Operation>1</Operation>
                    </Platform>
                </DeployClass>
                <DeployClass Name="Android_LauncherIcon96">
                    <Platform Name="Android">
                        <RemoteDir>res\drawable-xhdpi</RemoteDir>
                        <Operation>1</Operation>
                    </Platform>
                </DeployClass>
                <DeployClass Name="Android_SplashImage640">
                    <Platform Name="Android">
                        <RemoteDir>res\drawable-large</RemoteDir>
                        <Operation>1</Operation>
                    </Platform>
                </DeployClass>
                <DeployClass Name="iPhone_Launch640x1136">
                    <Platform Name="iOSSimulator">
                        <Operation>1</Operation>
                    </Platform>
                    <Platform Name="iOSDevice64">
                        <Operation>1</Operation>
                    </Platform>
                    <Platform Name="iOSDevice32">
                        <Operation>1</Operation>
                    </Platform>
                </DeployClass>
                <DeployClass Name="ProjectiOSEntitlements">
                    <Platform Name="iOSDevice64">
                        <RemoteDir>../</RemoteDir>
                        <Operation>1</Operation>
                    </Platform>
                    <Platform Name="iOSDevice32">
                        <RemoteDir>../</RemoteDir>
                        <Operation>1</Operation>
                    </Platform>
                </DeployClass>
                <DeployClass Name="AndroidGDBServer">
                    <Platform Name="Android">
                        <RemoteDir>library\lib\armeabi-v7a</RemoteDir>
                        <Operation>1</Operation>
                    </Platform>
                </DeployClass>
                <DeployClass Name="Android_LauncherIcon72">
                    <Platform Name="Android">
                        <RemoteDir>res\drawable-hdpi</RemoteDir>
                        <Operation>1</Operation>
                    </Platform>
                </DeployClass>
                <DeployClass Name="ProjectOSXInfoPList">
                    <Platform Name="OSX32">
                        <RemoteDir>Contents</RemoteDir>
                        <Operation>1</Operation>
                    </Platform>
                </DeployClass>
                <DeployClass Name="ProjectOSXEntitlements">
                    <Platform Name="OSX32">
                        <RemoteDir>../</RemoteDir>
                        <Operation>1</Operation>
                    </Platform>
                </DeployClass>
                <DeployClass Name="iPad_Launch2048">
                    <Platform Name="iOSSimulator">
                        <Operation>1</Operation>
                    </Platform>
                    <Platform Name="iOSDevice64">
                        <Operation>1</Operation>
                    </Platform>
                    <Platform Name="iOSDevice32">
                        <Operation>1</Operation>
                    </Platform>
                </DeployClass>
                <DeployClass Name="AndroidSplashStyles">
                    <Platform Name="Android">
                        <RemoteDir>res\values</RemoteDir>
                        <Operation>1</Operation>
                    </Platform>
                </DeployClass>
                <DeployClass Name="Android_SplashImage426">
                    <Platform Name="Android">
                        <RemoteDir>res\drawable-small</RemoteDir>
                        <Operation>1</Operation>
                    </Platform>
                </DeployClass>
                <DeployClass Name="AndroidSplashImageDef">
                    <Platform Name="Android">
                        <RemoteDir>res\drawable</RemoteDir>
                        <Operation>1</Operation>
                    </Platform>
                </DeployClass>
                <DeployClass Name="ProjectiOSResource">
                    <Platform Name="iOSSimulator">
                        <Operation>1</Operation>
                    </Platform>
                    <Platform Name="iOSDevice64">
                        <Operation>1</Operation>
                    </Platform>
                    <Platform Name="iOSDevice32">
                        <Operation>1</Operation>
                    </Platform>
                </DeployClass>
                <DeployClass Name="ProjectAndroidManifest">
                    <Platform Name="Android">
                        <Operation>1</Operation>
                    </Platform>
                </DeployClass>
                <DeployClass Name="Android_DefaultAppIcon">
                    <Platform Name="Android">
                        <RemoteDir>res\drawable</RemoteDir>
                        <Operation>1</Operation>
                    </Platform>
                </DeployClass>
                <DeployClass Name="File">
                    <Platform Name="Win32">
                        <Operation>0</Operation>
                    </Platform>
                    <Platform Name="iOSDevice64">
                        <Operation>0</Operation>
                    </Platform>
                    <Platform Name="OSX32">
                        <RemoteDir>Contents\Resources\StartUp\</RemoteDir>
                        <Operation>0</Operation>
                    </Platform>
                    <Platform Name="iOSDevice32">
                        <Operation>0</Operation>
                    </Platform>
                    <Platform Name="Android">
                        <Operation>0</Operation>
                    </Platform>
                    <Platform Name="iOSSimulator">
                        <Operation>0</Operation>
                    </Platform>
                </DeployClass>
                <DeployClass Name="AndroidServiceOutput">
                    <Platform Name="Android">
                        <RemoteDir>library\lib\armeabi-v7a</RemoteDir>
                        <Operation>1</Operation>
                    </Platform>
                </DeployClass>
                <DeployClass Required="true" Name="DependencyPackage">
                    <Platform Name="Win32">
                        <Operation>0</Operation>
                        <Extensions>.bpl</Extensions>
                    </Platform>
                    <Platform Name="iOSDevice64">
                        <Operation>1</Operation>
                        <Extensions>.dylib</Extensions>
                    </Platform>
                    <Platform Name="OSX32">
                        <RemoteDir>Contents\MacOS</RemoteDir>
                        <Operation>1</Operation>
                        <Extensions>.dylib</Extensions>
                    </Platform>
                    <Platform Name="iOSDevice32">
                        <Operation>1</Operation>
                        <Extensions>.dylib</Extensions>
                    </Platform>
                    <Platform Name="iOSSimulator">
                        <Operation>1</Operation>
                        <Extensions>.dylib</Extensions>
                    </Platform>
                </DeployClass>
                <DeployClass Name="Android_LauncherIcon48">
                    <Platform Name="Android">
                        <RemoteDir>res\drawable-mdpi</RemoteDir>
                        <Operation>1</Operation>
                    </Platform>
                </DeployClass>
                <DeployClass Name="Android_SplashImage960">
                    <Platform Name="Android">
                        <RemoteDir>res\drawable-xlarge</RemoteDir>
                        <Operation>1</Operation>
                    </Platform>
                </DeployClass>
                <DeployClass Name="Android_LauncherIcon36">
                    <Platform Name="Android">
                        <RemoteDir>res\drawable-ldpi</RemoteDir>
                        <Operation>1</Operation>
                    </Platform>
                </DeployClass>
                <DeployClass Name="DependencyModule">
                    <Platform Name="Win32">
                        <Operation>0</Operation>
                        <Extensions>.dll;.bpl</Extensions>
                    </Platform>
                    <Platform Name="iOSDevice64">
                        <Operation>1</Operation>
                        <Extensions>.dylib</Extensions>
                    </Platform>
                    <Platform Name="OSX32">
                        <RemoteDir>Contents\MacOS</RemoteDir>
                        <Operation>1</Operation>
                        <Extensions>.dylib</Extensions>
                    </Platform>
                    <Platform Name="iOSDevice32">
                        <Operation>1</Operation>
                        <Extensions>.dylib</Extensions>
                    </Platform>
                    <Platform Name="iOSSimulator">
                        <Operation>1</Operation>
                        <Extensions>.dylib</Extensions>
                    </Platform>
                </DeployClass>
                <ProjectRoot Platform="Win64" Name="$(PROJECTNAME)"/>
                <ProjectRoot Platform="iOSDevice64" Name="$(PROJECTNAME).app"/>
                <ProjectRoot Platform="iOSDevice32" Name="$(PROJECTNAME).app"/>
                <ProjectRoot Platform="Win32" Name="$(PROJECTNAME)"/>
                <ProjectRoot Platform="OSX32" Name="$(PROJECTNAME).app"/>
                <ProjectRoot Platform="Android" Name="$(PROJECTNAME)"/>
                <ProjectRoot Platform="iOSSimulator" Name="$(PROJECTNAME).app"/>
            </Deployment>
            <Platforms>
                <Platform value="Win32">True</Platform>
                <Platform value="Win64">True</Platform>
            </Platforms>
            <ModelSupport>False</ModelSupport>
        </BorlandProject>
        <ProjectFileVersion>12</ProjectFileVersion>
    </ProjectExtensions>
    <Import Project="$(BDS)\Bin\CodeGear.Delphi.Targets" Condition="Exists('$(BDS)\Bin\CodeGear.Delphi.Targets')"/>
    <Import Project="$(APPDATA)\Embarcadero\$(BDSAPPDATABASEDIR)\$(PRODUCTVERSION)\UserTools.proj" Condition="Exists('$(APPDATA)\Embarcadero\$(BDSAPPDATABASEDIR)\$(PRODUCTVERSION)\UserTools.proj')"/>
    <Import Project="$(MSBuildProjectName).deployproj" Condition="Exists('$(MSBuildProjectName).deployproj')"/>
</Project>

<!-- EurekaLog First Line
[Exception Log]
EurekaLog Version=7007
Activate=1
Append to Log=1
atVCL=1
atWin32=1
AutoCrashOperation=2
boHandleSafeCallExceptions=1
boUseMainModuleOptions=1
csoAllowedRenderMethods=8
csoShowWindowsThreads=1
DeleteMapAfterCompile=1
dpJCL=1
Email Address="nigel@tavendale.com"
Email Object="Unhandled Exception In Regisration"
Encrypt Password=""
Errors Terminate=3
Freeze Timeout=1
idEurekaLog=1
idEurekaLogDetailed=1
idMSClassic=1
idStepsToReproduce=1
InjectCode=1
InjectInfo=1
InjectOptions=1
loCatchLeaks=0
loFreeAllLeaks=1
loHideRTLLeaks=0
loMaxLeaks=1024
loOnlyUnderIDE=0
loProcessesSection=1
mtDialog_ErrorMsgCaption="An error has occurred during program execution.\r\nPlease read the following information for further details."
mtException_LeakMemoryOverrun="Memory Overrun leak."
mtException_LeakMultiFree="Multi Free memory leak."
mtFileCrackedMsg="This file is cracked.\r\nThe application will be closed."
mtLog_OSCharset="Charset"
mtLog_OSLanguage="Language"
mtMSDialog_DescriptionCaption="We have created an error report that you can send to us. We will treat this report as confidential and anonymous."
mtMSDialog_EmailCaption="Email address (optional):"
mtMSDialog_ErrorMsgCaption="The application has encountered a problem. We are sorry for the inconvenience."
mtMSDialog_RestartCaption="Restart application."
mtMSDialog_SeeDetailsCaption="To see what data the error report contains,"
mtMSDialog_TerminateCaption="Terminate application."
mtReproduceDialog_Caption="Request"
mtSend_BugClosedMsg="These BUG is just closed.\r\nContact the program support to obtain an update."
mtSend_FailureMsg="Sorry, sending the message didn't work."
mtSend_SuccessMsg="The message was sent successfully."
mtSendDialog_Caption="Send."
mtSendDialog_Connected="Connected with server."
mtSendDialog_Connecting="Connecting with server..."
mtSendDialog_Login="Login..."
mtSendDialog_SelectProject="Select project..."
Output Path="%%UserProfile%%\\"
ProjectID="{B63B6F4F-77F9-4A60-8BD3-D40641B4156E}"
SMTP From="eurekalog@email.com"
SMTP Host=""
SMTP UserID=""
sndAddDateInFileName=0
sndBugZillaAppendText=1
sndBugZillaLogin=""
sndBugZillaPort=0
sndBugZillaURL=""
sndFogBugzAppendText=1
sndFogBugzArea="Registration"
sndFogBugzCategory="Application Exception"
sndFogBugzHost="https://medlynx.fogbugz.com"
sndFogBugzLogin="aholmayer@rhilive.com"
sndFogBugzOwner="ntavendale@oamarugroup.com"
sndFogBugzPassword="BugUser01"
sndFogBugzPort=443
sndFogBugzProject="MedLynx"
sndFogBugzSSL=1
sndFTPLogin=""
sndFTPPort=0
sndFTPURL=""
sndHTTPPort=0
sndHTTPURL=""
sndJIRAAppendText=1
sndJIRAHost=""
sndJIRALogin=""
sndJIRAPort=0
sndMantisAppendText=1
sndMantisLogin=""
sndMantisPort=0
sndMantisURL=""
sndMAPIAppendLogs=1
sndMAPISubject="Unhandled Exception In Regisration"
sndMAPITarget="nigel@tavendale.com"
sndSendEntireLog=1
sndShellRecepient="nigel@tavendale.com"
sndShellSubject="Unhandled Exception In Regisration"
sndSMAPIAppendLogs=1
sndSMAPISubject="Unhandled Exception In Regisration"
sndSMAPITarget="nigel@tavendale.com"
sndSMTPClientAppendLogs=1
sndSMTPClientFrom="eurekalog@email.com"
sndSMTPClientHost=""
sndSMTPClientLogin=""
sndSMTPClientSubject="Unhandled Exception In Regisration"
sndSMTPClientTarget="nigel@tavendale.com"
sndSMTPServerAppendLogs=1
sndSMTPServerFrom="eurekalog@email.com"
sndSMTPServerSubject="Unhandled Exception In Regisration"
sndSMTPServerTarget="nigel@tavendale.com"
soActCtlsControlClass=1
soActCtlsControlText=1
soActCtlsFormClass=1
soActCtlsFormText=1
soAppCompilationDate=1
soAppName=1
soAppParameters=1
soAppStartDate=1
soAppUpTime=1
soAppVersionNumber=1
soCmpDisplayDPI=1
soCmpDisplayMode=1
soCmpFreeDisk=1
soCmpFreeMemory=1
soCmpName=1
soCmpPrinter=1
soCmpProcessor=1
soCmpSysUpTime=1
soCmpTotalDisk=1
soCmpTotalMemory=1
soCmpVideoCard=1
soCustomData=1
soExcCount=1
soExcDate=1
soExcModuleName=1
soExcModuleVersion=1
soExcNote=1
soExcStatus=1
soNetDHCP=1
soNetDNS1=1
soNetDNS2=1
soNetGateway=1
soNetIP=1
soNetSubmask=1
soOSBuildN=1
soOSCharset=1
soOSLanguage=1
soOSType=1
soOSUpdate=1
soUserCompany=1
soUserID=1
soUserPrivileges=1
TextsCollection=""
TrakerUser=""
WebPort=0
WebURL=""
EurekaLog Last Line -->
